// !$*UTF8*$!
{
	archiveVersion = 1;
	classes = {
	};
	objectVersion = 50;
	objects = {

/* Begin PBXBuildFile section */
		001603D322D371BC00E53399 /* AppDelegate.swift in Sources */ = {isa = PBXBuildFile; fileRef = 001603D222D371BC00E53399 /* AppDelegate.swift */; };
		001603D522D371BC00E53399 /* LoginViewController.swift in Sources */ = {isa = PBXBuildFile; fileRef = 001603D422D371BC00E53399 /* LoginViewController.swift */; };
		001603D822D371BC00E53399 /* Main.storyboard in Resources */ = {isa = PBXBuildFile; fileRef = 001603D622D371BC00E53399 /* Main.storyboard */; };
		001603DA22D371BE00E53399 /* Assets.xcassets in Resources */ = {isa = PBXBuildFile; fileRef = 001603D922D371BE00E53399 /* Assets.xcassets */; };
		001603DD22D371BE00E53399 /* LaunchScreen.storyboard in Resources */ = {isa = PBXBuildFile; fileRef = 001603DB22D371BE00E53399 /* LaunchScreen.storyboard */; };
		001603EB22D3822F00E53399 /* theatre-masks_318-1606.jpg in Resources */ = {isa = PBXBuildFile; fileRef = 001603EA22D3822F00E53399 /* theatre-masks_318-1606.jpg */; };
		001603ED22D3ABCB00E53399 /* HomeViewController.swift in Sources */ = {isa = PBXBuildFile; fileRef = 001603EC22D3ABCB00E53399 /* HomeViewController.swift */; };
		001603EF22D4689D00E53399 /* Category.swift in Sources */ = {isa = PBXBuildFile; fileRef = 001603EE22D4689D00E53399 /* Category.swift */; };
		001603F122D468DE00E53399 /* Service.swift in Sources */ = {isa = PBXBuildFile; fileRef = 001603F022D468DE00E53399 /* Service.swift */; };
		001603F322D4707B00E53399 /* Random.swift in Sources */ = {isa = PBXBuildFile; fileRef = 001603F222D4707B00E53399 /* Random.swift */; };
		001603F522D4783200E53399 /* RandomJokeViewController.swift in Sources */ = {isa = PBXBuildFile; fileRef = 001603F422D4783200E53399 /* RandomJokeViewController.swift */; };
		001603FB22D47E1000E53399 /* Constant.swift in Sources */ = {isa = PBXBuildFile; fileRef = 001603FA22D47E1000E53399 /* Constant.swift */; };
/* End PBXBuildFile section */

/* Begin PBXFileReference section */
		001603CF22D371BC00E53399 /* ChuckNorrisJokes.app */ = {isa = PBXFileReference; explicitFileType = wrapper.application; includeInIndex = 0; path = ChuckNorrisJokes.app; sourceTree = BUILT_PRODUCTS_DIR; };
		001603D222D371BC00E53399 /* AppDelegate.swift */ = {isa = PBXFileReference; lastKnownFileType = sourcecode.swift; path = AppDelegate.swift; sourceTree = "<group>"; };
		001603D422D371BC00E53399 /* LoginViewController.swift */ = {isa = PBXFileReference; lastKnownFileType = sourcecode.swift; name = LoginViewController.swift; path = ../LoginViewController.swift; sourceTree = "<group>"; };
		001603D722D371BC00E53399 /* Base */ = {isa = PBXFileReference; lastKnownFileType = file.storyboard; name = Base; path = Base.lproj/Main.storyboard; sourceTree = "<group>"; };
		001603D922D371BE00E53399 /* Assets.xcassets */ = {isa = PBXFileReference; lastKnownFileType = folder.assetcatalog; name = Assets.xcassets; path = ../Assets.xcassets; sourceTree = "<group>"; };
		001603DC22D371BE00E53399 /* Base */ = {isa = PBXFileReference; lastKnownFileType = file.storyboard; name = Base; path = Base.lproj/LaunchScreen.storyboard; sourceTree = "<group>"; };
		001603DE22D371BE00E53399 /* Info.plist */ = {isa = PBXFileReference; lastKnownFileType = text.plist.xml; name = Info.plist; path = ../Info.plist; sourceTree = "<group>"; };
		001603EA22D3822F00E53399 /* theatre-masks_318-1606.jpg */ = {isa = PBXFileReference; lastKnownFileType = image.jpeg; path = "theatre-masks_318-1606.jpg"; sourceTree = "<group>"; };
		001603EC22D3ABCB00E53399 /* HomeViewController.swift */ = {isa = PBXFileReference; lastKnownFileType = sourcecode.swift; name = HomeViewController.swift; path = ../HomeViewController.swift; sourceTree = "<group>"; };
		001603EE22D4689D00E53399 /* Category.swift */ = {isa = PBXFileReference; lastKnownFileType = sourcecode.swift; path = Category.swift; sourceTree = "<group>"; };
		001603F022D468DE00E53399 /* Service.swift */ = {isa = PBXFileReference; lastKnownFileType = sourcecode.swift; name = Service.swift; path = ../Service.swift; sourceTree = "<group>"; };
		001603F222D4707B00E53399 /* Random.swift */ = {isa = PBXFileReference; lastKnownFileType = sourcecode.swift; path = Random.swift; sourceTree = "<group>"; };
		001603F422D4783200E53399 /* RandomJokeViewController.swift */ = {isa = PBXFileReference; lastKnownFileType = sourcecode.swift; name = RandomJokeViewController.swift; path = ../RandomJokeViewController.swift; sourceTree = "<group>"; };
		001603FA22D47E1000E53399 /* Constant.swift */ = {isa = PBXFileReference; lastKnownFileType = sourcecode.swift; path = Constant.swift; sourceTree = "<group>"; };
/* End PBXFileReference section */

/* Begin PBXFrameworksBuildPhase section */
		001603CC22D371BC00E53399 /* Frameworks */ = {
			isa = PBXFrameworksBuildPhase;
			buildActionMask = 2147483647;
			files = (
			);
			runOnlyForDeploymentPostprocessing = 0;
		};
/* End PBXFrameworksBuildPhase section */

/* Begin PBXGroup section */
		001603C622D371BC00E53399 = {
			isa = PBXGroup;
			children = (
				001603D122D371BC00E53399 /* ChuckNorrisJokes */,
				001603D622D371BC00E53399 /* Main.storyboard */,
				001603DB22D371BE00E53399 /* LaunchScreen.storyboard */,
				001603D022D371BC00E53399 /* Products */,
			);
			sourceTree = "<group>";
		};
		001603D022D371BC00E53399 /* Products */ = {
			isa = PBXGroup;
			children = (
				001603CF22D371BC00E53399 /* ChuckNorrisJokes.app */,
			);
			name = Products;
			sourceTree = "<group>";
		};
		001603D122D371BC00E53399 /* ChuckNorrisJokes */ = {
			isa = PBXGroup;
			children = (
				001603D222D371BC00E53399 /* AppDelegate.swift */,
				001603F722D47A0C00E53399 /* Model */,
				001603F622D479E400E53399 /* Controller */,
				001603F822D47A3800E53399 /* Network */,
				001603F922D47A4A00E53399 /* Supporting FIles */,
			);
			path = ChuckNorrisJokes;
			sourceTree = "<group>";
		};
		001603F622D479E400E53399 /* Controller */ = {
			isa = PBXGroup;
			children = (
				001603D422D371BC00E53399 /* LoginViewController.swift */,
				001603EC22D3ABCB00E53399 /* HomeViewController.swift */,
				001603F422D4783200E53399 /* RandomJokeViewController.swift */,
			);
			path = Controller;
			sourceTree = "<group>";
		};
		001603F722D47A0C00E53399 /* Model */ = {
			isa = PBXGroup;
			children = (
				001603EE22D4689D00E53399 /* Category.swift */,
				001603F222D4707B00E53399 /* Random.swift */,
			);
			path = Model;
			sourceTree = "<group>";
		};
		001603F822D47A3800E53399 /* Network */ = {
			isa = PBXGroup;
			children = (
				001603F022D468DE00E53399 /* Service.swift */,
				001603FA22D47E1000E53399 /* Constant.swift */,
			);
			path = Network;
			sourceTree = "<group>";
		};
		001603F922D47A4A00E53399 /* Supporting FIles */ = {
			isa = PBXGroup;
			children = (
				001603EA22D3822F00E53399 /* theatre-masks_318-1606.jpg */,
				001603D922D371BE00E53399 /* Assets.xcassets */,
				001603DE22D371BE00E53399 /* Info.plist */,
			);
			path = "Supporting FIles";
			sourceTree = "<group>";
		};
/* End PBXGroup section */

/* Begin PBXNativeTarget section */
		001603CE22D371BC00E53399 /* ChuckNorrisJokes */ = {
			isa = PBXNativeTarget;
			buildConfigurationList = 001603E122D371BE00E53399 /* Build configuration list for PBXNativeTarget "ChuckNorrisJokes" */;
			buildPhases = (
				001603CB22D371BC00E53399 /* Sources */,
				001603CC22D371BC00E53399 /* Frameworks */,
				001603CD22D371BC00E53399 /* Resources */,
			);
			buildRules = (
			);
			dependencies = (
			);
			name = ChuckNorrisJokes;
			productName = ChuckNorrisJokes;
			productReference = 001603CF22D371BC00E53399 /* ChuckNorrisJokes.app */;
			productType = "com.apple.product-type.application";
		};
/* End PBXNativeTarget section */

/* Begin PBXProject section */
		001603C722D371BC00E53399 /* Project object */ = {
			isa = PBXProject;
			attributes = {
				LastSwiftUpdateCheck = 1020;
				LastUpgradeCheck = 1020;
				ORGANIZATIONNAME = A;
				TargetAttributes = {
					001603CE22D371BC00E53399 = {
						CreatedOnToolsVersion = 10.2;
					};
				};
			};
			buildConfigurationList = 001603CA22D371BC00E53399 /* Build configuration list for PBXProject "ChuckNorrisJokes" */;
			compatibilityVersion = "Xcode 9.3";
			developmentRegion = en;
			hasScannedForEncodings = 0;
			knownRegions = (
				en,
				Base,
			);
			mainGroup = 001603C622D371BC00E53399;
			productRefGroup = 001603D022D371BC00E53399 /* Products */;
			projectDirPath = "";
			projectRoot = "";
			targets = (
				001603CE22D371BC00E53399 /* ChuckNorrisJokes */,
			);
		};
/* End PBXProject section */

/* Begin PBXResourcesBuildPhase section */
		001603CD22D371BC00E53399 /* Resources */ = {
			isa = PBXResourcesBuildPhase;
			buildActionMask = 2147483647;
			files = (
				001603DD22D371BE00E53399 /* LaunchScreen.storyboard in Resources */,
				001603DA22D371BE00E53399 /* Assets.xcassets in Resources */,
				001603D822D371BC00E53399 /* Main.storyboard in Resources */,
				001603EB22D3822F00E53399 /* theatre-masks_318-1606.jpg in Resources */,
			);
			runOnlyForDeploymentPostprocessing = 0;
		};
/* End PBXResourcesBuildPhase section */

/* Begin PBXSourcesBuildPhase section */
		001603CB22D371BC00E53399 /* Sources */ = {
			isa = PBXSourcesBuildPhase;
			buildActionMask = 2147483647;
			files = (
				001603F522D4783200E53399 /* RandomJokeViewController.swift in Sources */,
				001603D522D371BC00E53399 /* LoginViewController.swift in Sources */,
				001603D322D371BC00E53399 /* AppDelegate.swift in Sources */,
				001603FB22D47E1000E53399 /* Constant.swift in Sources */,
				001603F322D4707B00E53399 /* Random.swift in Sources */,
				001603F122D468DE00E53399 /* Service.swift in Sources */,
				001603ED22D3ABCB00E53399 /* HomeViewController.swift in Sources */,
				001603EF22D4689D00E53399 /* Category.swift in Sources */,
			);
			runOnlyForDeploymentPostprocessing = 0;
		};
/* End PBXSourcesBuildPhase section */

/* Begin PBXVariantGroup section */
		001603D622D371BC00E53399 /* Main.storyboard */ = {
			isa = PBXVariantGroup;
			children = (
				001603D722D371BC00E53399 /* Base */,
			);
			name = Main.storyboard;
			sourceTree = "<group>";
		};
		001603DB22D371BE00E53399 /* LaunchScreen.storyboard */ = {
			isa = PBXVariantGroup;
			children = (
				001603DC22D371BE00E53399 /* Base */,
			);
			name = LaunchScreen.storyboard;
			sourceTree = "<group>";
		};
/* End PBXVariantGroup section */

/* Begin XCBuildConfiguration section */
		001603DF22D371BE00E53399 /* Debug */ = {
			isa = XCBuildConfiguration;
			buildSettings = {
				ALWAYS_SEARCH_USER_PATHS = NO;
				CLANG_ANALYZER_NONNULL = YES;
				CLANG_ANALYZER_NUMBER_OBJECT_CONVERSION = YES_AGGRESSIVE;
				CLANG_CXX_LANGUAGE_STANDARD = "gnu++14";
				CLANG_CXX_LIBRARY = "libc++";
				CLANG_ENABLE_MODULES = YES;
				CLANG_ENABLE_OBJC_ARC = YES;
				CLANG_ENABLE_OBJC_WEAK = YES;
				CLANG_WARN_BLOCK_CAPTURE_AUTORELEASING = YES;
				CLANG_WARN_BOOL_CONVERSION = YES;
				CLANG_WARN_COMMA = YES;
				CLANG_WARN_CONSTANT_CONVERSION = YES;
				CLANG_WARN_DEPRECATED_OBJC_IMPLEMENTATIONS = YES;
				CLANG_WARN_DIRECT_OBJC_ISA_USAGE = YES_ERROR;
				CLANG_WARN_DOCUMENTATION_COMMENTS = YES;
				CLANG_WARN_EMPTY_BODY = YES;
				CLANG_WARN_ENUM_CONVERSION = YES;
				CLANG_WARN_INFINITE_RECURSION = YES;
				CLANG_WARN_INT_CONVERSION = YES;
				CLANG_WARN_NON_LITERAL_NULL_CONVERSION = YES;
				CLANG_WARN_OBJC_IMPLICIT_RETAIN_SELF = YES;
				CLANG_WARN_OBJC_LITERAL_CONVERSION = YES;
				CLANG_WARN_OBJC_ROOT_CLASS = YES_ERROR;
				CLANG_WARN_RANGE_LOOP_ANALYSIS = YES;
				CLANG_WARN_STRICT_PROTOTYPES = YES;
				CLANG_WARN_SUSPICIOUS_MOVE = YES;
				CLANG_WARN_UNGUARDED_AVAILABILITY = YES_AGGRESSIVE;
				CLANG_WARN_UNREACHABLE_CODE = YES;
				CLANG_WARN__DUPLICATE_METHOD_MATCH = YES;
				CODE_SIGN_IDENTITY = "iPhone Developer";
				COPY_PHASE_STRIP = NO;
				DEBUG_INFORMATION_FORMAT = dwarf;
				ENABLE_STRICT_OBJC_MSGSEND = YES;
				ENABLE_TESTABILITY = YES;
				GCC_C_LANGUAGE_STANDARD = gnu11;
				GCC_DYNAMIC_NO_PIC = NO;
				GCC_NO_COMMON_BLOCKS = YES;
				GCC_OPTIMIZATION_LEVEL = 0;
				GCC_PREPROCESSOR_DEFINITIONS = (
					"DEBUG=1",
					"$(inherited)",
				);
				GCC_WARN_64_TO_32_BIT_CONVERSION = YES;
				GCC_WARN_ABOUT_RETURN_TYPE = YES_ERROR;
				GCC_WARN_UNDECLARED_SELECTOR = YES;
				GCC_WARN_UNINITIALIZED_AUTOS = YES_AGGRESSIVE;
				GCC_WARN_UNUSED_FUNCTION = YES;
				GCC_WARN_UNUSED_VARIABLE = YES;
				IPHONEOS_DEPLOYMENT_TARGET = 12.2;
				MTL_ENABLE_DEBUG_INFO = INCLUDE_SOURCE;
				MTL_FAST_MATH = YES;
				ONLY_ACTIVE_ARCH = YES;
				SDKROOT = iphoneos;
				SWIFT_ACTIVE_COMPILATION_CONDITIONS = DEBUG;
				SWIFT_OPTIMIZATION_LEVEL = "-Onone";
			};
			name = Debug;
		};
		001603E022D371BE00E53399 /* Release */ = {
			isa = XCBuildConfiguration;
			buildSettings = {
				ALWAYS_SEARCH_USER_PATHS = NO;
				CLANG_ANALYZER_NONNULL = YES;
				CLANG_ANALYZER_NUMBER_OBJECT_CONVERSION = YES_AGGRESSIVE;
				CLANG_CXX_LANGUAGE_STANDARD = "gnu++14";
				CLANG_CXX_LIBRARY = "libc++";
				CLANG_ENABLE_MODULES = YES;
				CLANG_ENABLE_OBJC_ARC = YES;
				CLANG_ENABLE_OBJC_WEAK = YES;
				CLANG_WARN_BLOCK_CAPTURE_AUTORELEASING = YES;
				CLANG_WARN_BOOL_CONVERSION = YES;
				CLANG_WARN_COMMA = YES;
				CLANG_WARN_CONSTANT_CONVERSION = YES;
				CLANG_WARN_DEPRECATED_OBJC_IMPLEMENTATIONS = YES;
				CLANG_WARN_DIRECT_OBJC_ISA_USAGE = YES_ERROR;
				CLANG_WARN_DOCUMENTATION_COMMENTS = YES;
				CLANG_WARN_EMPTY_BODY = YES;
				CLANG_WARN_ENUM_CONVERSION = YES;
				CLANG_WARN_INFINITE_RECURSION = YES;
				CLANG_WARN_INT_CONVERSION = YES;
				CLANG_WARN_NON_LITERAL_NULL_CONVERSION = YES;
				CLANG_WARN_OBJC_IMPLICIT_RETAIN_SELF = YES;
				CLANG_WARN_OBJC_LITERAL_CONVERSION = YES;
				CLANG_WARN_OBJC_ROOT_CLASS = YES_ERROR;
				CLANG_WARN_RANGE_LOOP_ANALYSIS = YES;
				CLANG_WARN_STRICT_PROTOTYPES = YES;
				CLANG_WARN_SUSPICIOUS_MOVE = YES;
				CLANG_WARN_UNGUARDED_AVAILABILITY = YES_AGGRESSIVE;
				CLANG_WARN_UNREACHABLE_CODE = YES;
				CLANG_WARN__DUPLICATE_METHOD_MATCH = YES;
				CODE_SIGN_IDENTITY = "iPhone Developer";
				COPY_PHASE_STRIP = NO;
				DEBUG_INFORMATION_FORMAT = "dwarf-with-dsym";
				ENABLE_NS_ASSERTIONS = NO;
				ENABLE_STRICT_OBJC_MSGSEND = YES;
				GCC_C_LANGUAGE_STANDARD = gnu11;
				GCC_NO_COMMON_BLOCKS = YES;
				GCC_WARN_64_TO_32_BIT_CONVERSION = YES;
				GCC_WARN_ABOUT_RETURN_TYPE = YES_ERROR;
				GCC_WARN_UNDECLARED_SELECTOR = YES;
				GCC_WARN_UNINITIALIZED_AUTOS = YES_AGGRESSIVE;
				GCC_WARN_UNUSED_FUNCTION = YES;
				GCC_WARN_UNUSED_VARIABLE = YES;
				IPHONEOS_DEPLOYMENT_TARGET = 12.2;
				MTL_ENABLE_DEBUG_INFO = NO;
				MTL_FAST_MATH = YES;
				SDKROOT = iphoneos;
				SWIFT_COMPILATION_MODE = wholemodule;
				SWIFT_OPTIMIZATION_LEVEL = "-O";
				VALIDATE_PRODUCT = YES;
			};
			name = Release;
		};
		001603E222D371BE00E53399 /* Debug */ = {
			isa = XCBuildConfiguration;
			buildSettings = {
				ASSETCATALOG_COMPILER_APPICON_NAME = AppIcon;
				CODE_SIGN_STYLE = Automatic;
				DEVELOPMENT_TEAM = C2WZ997HDM;
				INFOPLIST_FILE = ChuckNorrisJokes/Info.plist;
				LD_RUNPATH_SEARCH_PATHS = (
					"$(inherited)",
					"@executable_path/Frameworks",
				);
				PRODUCT_BUNDLE_IDENTIFIER = com.a.ChuckNorrisJokes;
				PRODUCT_NAME = "$(TARGET_NAME)";
				SWIFT_VERSION = 5.0;
				TARGETED_DEVICE_FAMILY = "1,2";
			};
			name = Debug;
		};
		001603E322D371BE00E53399 /* Release */ = {
			isa = XCBuildConfiguration;
			buildSettings = {
				ASSETCATALOG_COMPILER_APPICON_NAME = AppIcon;
				CODE_SIGN_STYLE = Automatic;
				DEVELOPMENT_TEAM = C2WZ997HDM;
				INFOPLIST_FILE = ChuckNorrisJokes/Info.plist;
				LD_RUNPATH_SEARCH_PATHS = (
					"$(inherited)",
					"@executable_path/Frameworks",
				);
				PRODUCT_BUNDLE_IDENTIFIER = com.a.ChuckNorrisJokes;
				PRODUCT_NAME = "$(TARGET_NAME)";
				SWIFT_VERSION = 5.0;
				TARGETED_DEVICE_FAMILY = "1,2";
			};
			name = Release;
		};
/* End XCBuildConfiguration section */

/* Begin XCConfigurationList section */
		001603CA22D371BC00E53399 /* Build configuration list for PBXProject "ChuckNorrisJokes" */ = {
			isa = XCConfigurationList;
			buildConfigurations = (
				001603DF22D371BE00E53399 /* Debug */,
				001603E022D371BE00E53399 /* Release */,
			);
			defaultConfigurationIsVisible = 0;
			defaultConfigurationName = Release;
		};
		001603E122D371BE00E53399 /* Build configuration list for PBXNativeTarget "ChuckNorrisJokes" */ = {
			isa = XCConfigurationList;
			buildConfigurations = (
				001603E222D371BE00E53399 /* Debug */,
				001603E322D371BE00E53399 /* Release */,
			);
			defaultConfigurationIsVisible = 0;
			defaultConfigurationName = Release;
		};
/* End XCConfigurationList section */
	};
	rootObject = 001603C722D371BC00E53399 /* Project object */;
}
